
Microsoft Visual Studio Solution File, Format Version 12.00
# Visual Studio Version 17
VisualStudioVersion = 17.8.34309.116
MinimumVisualStudioVersion = 10.0.40219.1
Project("{888888A0-9F3D-457C-B088-3A5042F75D52}") = "Программирование на языке Python_Лаба7", "Программирование на языке Python_Лаба7\Программирование на языке Python_Лаба7.pyproj", "{8BECCAEF-50C6-439B-8B05-FD7F82F380F7}"
EndProject
Global
	GlobalSection(SolutionConfigurationPlatforms) = preSolution
		Debug|Any CPU = Debug|Any CPU
		Release|Any CPU = Release|Any CPU
	EndGlobalSection
	GlobalSection(ProjectConfigurationPlatforms) = postSolution
		{8BECCAEF-50C6-439B-8B05-FD7F82F380F7}.Debug|Any CPU.ActiveCfg = Debug|Any CPU
		{8BECCAEF-50C6-439B-8B05-FD7F82F380F7}.Release|Any CPU.ActiveCfg = Release|Any CPU
	EndGlobalSection
	GlobalSection(SolutionProperties) = preSolution
		HideSolutionNode = FALSE
	EndGlobalSection
	GlobalSection(ExtensibilityGlobals) = postSolution
		SolutionGuid = {79D65113-CCC2-48F8-9936-BD7E4ABE6639}
	EndGlobalSection
EndGlobal
