
Microsoft Visual Studio Solution File, Format Version 12.00
# Visual Studio Version 17
VisualStudioVersion = 17.8.34309.116
MinimumVisualStudioVersion = 10.0.40219.1
Project("{888888A0-9F3D-457C-B088-3A5042F75D52}") = "Программирование на языке Python_Лаба9", "Программирование на языке Python_Лаба9\Программирование на языке Python_Лаба9.pyproj", "{962EF359-0C4C-499C-BBBB-0678EAD2F3F9}"
EndProject
Global
	GlobalSection(SolutionConfigurationPlatforms) = preSolution
		Debug|Any CPU = Debug|Any CPU
		Release|Any CPU = Release|Any CPU
	EndGlobalSection
	GlobalSection(ProjectConfigurationPlatforms) = postSolution
		{962EF359-0C4C-499C-BBBB-0678EAD2F3F9}.Debug|Any CPU.ActiveCfg = Debug|Any CPU
		{962EF359-0C4C-499C-BBBB-0678EAD2F3F9}.Release|Any CPU.ActiveCfg = Release|Any CPU
	EndGlobalSection
	GlobalSection(SolutionProperties) = preSolution
		HideSolutionNode = FALSE
	EndGlobalSection
	GlobalSection(ExtensibilityGlobals) = postSolution
		SolutionGuid = {EB6C2E0C-1683-428B-92E2-2817541D26CF}
	EndGlobalSection
EndGlobal
